
Microsoft Visual Studio Solution File, Format Version 12.00
# Visual Studio Version 17
VisualStudioVersion = 17.9.34728.123
MinimumVisualStudioVersion = 10.0.40219.1
Project("{FAE04EC0-301F-11D3-BF4B-00C04F79EFBC}") = "efWeb", "efWeb\efWeb.csproj", "{4F0C7770-C973-4438-AF93-3DC325EC570E}"
EndProject
Global
	GlobalSection(SolutionConfigurationPlatforms) = preSolution
		Debug|Any CPU = Debug|Any CPU
		Release|Any CPU = Release|Any CPU
	EndGlobalSection
	GlobalSection(ProjectConfigurationPlatforms) = postSolution
		{4F0C7770-C973-4438-AF93-3DC325EC570E}.Debug|Any CPU.ActiveCfg = Debug|Any CPU
		{4F0C7770-C973-4438-AF93-3DC325EC570E}.Debug|Any CPU.Build.0 = Debug|Any CPU
		{4F0C7770-C973-4438-AF93-3DC325EC570E}.Release|Any CPU.ActiveCfg = Release|Any CPU
		{4F0C7770-C973-4438-AF93-3DC325EC570E}.Release|Any CPU.Build.0 = Release|Any CPU
	EndGlobalSection
	GlobalSection(SolutionProperties) = preSolution
		HideSolutionNode = FALSE
	EndGlobalSection
	GlobalSection(ExtensibilityGlobals) = postSolution
		SolutionGuid = {0D1BF8A1-0995-49BC-8963-1A4EDE414D0C}
	EndGlobalSection
EndGlobal
